
Microsoft Visual Studio Solution File, Format Version 12.00
# Visual Studio Version 17
VisualStudioVersion = 17.9.34616.47
MinimumVisualStudioVersion = 10.0.40219.1
Project("{FAE04EC0-301F-11D3-BF4B-00C04F79EFBC}") = "DAL", "DAL\DAL.csproj", "{3B9950A1-7F5A-45BD-BD56-0E6F2E3A9B64}"
EndProject
Project("{FAE04EC0-301F-11D3-BF4B-00C04F79EFBC}") = "BIZ", "BIZ\BIZ.csproj", "{566022CC-E6C5-41DD-9E39-87BF9B562C9C}"
EndProject
Project("{FAE04EC0-301F-11D3-BF4B-00C04F79EFBC}") = "UI", "UI\UI.csproj", "{13847293-8EFF-4047-8CBB-9776C33EC968}"
EndProject
Global
	GlobalSection(SolutionConfigurationPlatforms) = preSolution
		Debug|Any CPU = Debug|Any CPU
		Release|Any CPU = Release|Any CPU
	EndGlobalSection
	GlobalSection(ProjectConfigurationPlatforms) = postSolution
		{3B9950A1-7F5A-45BD-BD56-0E6F2E3A9B64}.Debug|Any CPU.ActiveCfg = Debug|Any CPU
		{3B9950A1-7F5A-45BD-BD56-0E6F2E3A9B64}.Debug|Any CPU.Build.0 = Debug|Any CPU
		{3B9950A1-7F5A-45BD-BD56-0E6F2E3A9B64}.Release|Any CPU.ActiveCfg = Release|Any CPU
		{3B9950A1-7F5A-45BD-BD56-0E6F2E3A9B64}.Release|Any CPU.Build.0 = Release|Any CPU
		{566022CC-E6C5-41DD-9E39-87BF9B562C9C}.Debug|Any CPU.ActiveCfg = Debug|Any CPU
		{566022CC-E6C5-41DD-9E39-87BF9B562C9C}.Debug|Any CPU.Build.0 = Debug|Any CPU
		{566022CC-E6C5-41DD-9E39-87BF9B562C9C}.Release|Any CPU.ActiveCfg = Release|Any CPU
		{566022CC-E6C5-41DD-9E39-87BF9B562C9C}.Release|Any CPU.Build.0 = Release|Any CPU
		{13847293-8EFF-4047-8CBB-9776C33EC968}.Debug|Any CPU.ActiveCfg = Debug|Any CPU
		{13847293-8EFF-4047-8CBB-9776C33EC968}.Debug|Any CPU.Build.0 = Debug|Any CPU
		{13847293-8EFF-4047-8CBB-9776C33EC968}.Release|Any CPU.ActiveCfg = Release|Any CPU
		{13847293-8EFF-4047-8CBB-9776C33EC968}.Release|Any CPU.Build.0 = Release|Any CPU
	EndGlobalSection
	GlobalSection(SolutionProperties) = preSolution
		HideSolutionNode = FALSE
	EndGlobalSection
	GlobalSection(ExtensibilityGlobals) = postSolution
		SolutionGuid = {28268C09-BBE7-48E3-8543-EB6C6C890876}
	EndGlobalSection
EndGlobal
